
Microsoft Visual Studio Solution File, Format Version 12.00
Project("{FAE04EC0-301F-11D3-BF4B-00C04F79EFBC}") = "G04 - OOP Exam", "G04 - OOP Exam\G04 - OOP Exam.csproj", "{BBEEDC76-0494-4DAD-928A-CA3BDFE5690B}"
EndProject
Global
	GlobalSection(SolutionConfigurationPlatforms) = preSolution
		Debug|Any CPU = Debug|Any CPU
		Release|Any CPU = Release|Any CPU
	EndGlobalSection
	GlobalSection(ProjectConfigurationPlatforms) = postSolution
		{BBEEDC76-0494-4DAD-928A-CA3BDFE5690B}.Debug|Any CPU.ActiveCfg = Debug|Any CPU
		{BBEEDC76-0494-4DAD-928A-CA3BDFE5690B}.Debug|Any CPU.Build.0 = Debug|Any CPU
		{BBEEDC76-0494-4DAD-928A-CA3BDFE5690B}.Release|Any CPU.ActiveCfg = Release|Any CPU
		{BBEEDC76-0494-4DAD-928A-CA3BDFE5690B}.Release|Any CPU.Build.0 = Release|Any CPU
	EndGlobalSection
EndGlobal
